
Microsoft Visual Studio Solution File, Format Version 12.00
# Visual Studio Version 17
VisualStudioVersion = 17.10.35027.167
MinimumVisualStudioVersion = 10.0.40219.1
Project("{2150E333-8FDC-42A3-9474-1A3956D46DE8}") = "ChainOfResponsibilityDesingPattern", "ChainOfResponsibilityDesingPattern", "{52C643FF-11E2-496C-989E-588D5A51768D}"
EndProject
Project("{9A19103F-16F7-4668-BE54-9A1E7A4F7556}") = "DesingPatterns.ChainOfResponsibility", "DesingPatterns.ChainOfResponsibility\DesingPatterns.ChainOfResponsibility.csproj", "{938F81D1-7FC8-4659-8EC6-2338E9262EC8}"
EndProject
Project("{2150E333-8FDC-42A3-9474-1A3956D46DE8}") = "CQRSDesingPattern", "CQRSDesingPattern", "{980BDA5C-5D8A-4848-84A6-E5B91246DB31}"
EndProject
Project("{9A19103F-16F7-4668-BE54-9A1E7A4F7556}") = "DesingPattern.CQRS", "DesingPattern.CQRS\DesingPattern.CQRS.csproj", "{77987669-2EBA-48BD-B06D-16C661FAFE1A}"
EndProject
Project("{2150E333-8FDC-42A3-9474-1A3956D46DE8}") = "TemplateMethodDesignPattern", "TemplateMethodDesignPattern", "{3AA7ACAF-C25A-4D56-8B73-3A0F94D3AED2}"
EndProject
Project("{9A19103F-16F7-4668-BE54-9A1E7A4F7556}") = "DesignPattern.TemplateMethod", "DesignPattern.TemplateMethod\DesignPattern.TemplateMethod.csproj", "{B4896862-9A21-4C96-8760-E45344ACB259}"
EndProject
Project("{2150E333-8FDC-42A3-9474-1A3956D46DE8}") = "ObserverDesignPattern", "ObserverDesignPattern", "{5565152C-2E35-42C0-B3B2-8186D29C4F0C}"
EndProject
Project("{9A19103F-16F7-4668-BE54-9A1E7A4F7556}") = "DesignPattern.Observer", "DesignPattern.Observer\DesignPattern.Observer.csproj", "{5DEF8AB8-96DF-484E-AF8C-73FBA7207C86}"
EndProject
Project("{2150E333-8FDC-42A3-9474-1A3956D46DE8}") = "UnitOfWorkDesignPattern", "UnitOfWorkDesignPattern", "{EFB26685-7C0A-4349-9342-0EA289821CA5}"
EndProject
Project("{FAE04EC0-301F-11D3-BF4B-00C04F79EFBC}") = "UnitOfWorkDesignPattern", "UnitOfWorkDesignPattern\UnitOfWorkDesignPattern.csproj", "{54ECAC74-E7B8-4719-A559-CB5BD27E619D}"
EndProject
Project("{FAE04EC0-301F-11D3-BF4B-00C04F79EFBC}") = "UnitOfWorkDesignPattern.EntityLayer", "UnitOfWorkDesignPattern.EntityLayer\UnitOfWorkDesignPattern.EntityLayer.csproj", "{14017EB4-5146-457C-8436-8642CB87F46E}"
EndProject
Project("{FAE04EC0-301F-11D3-BF4B-00C04F79EFBC}") = "UnitOfWorkDesignPattern.DataAccessLayer", "UnitOfWorkDesignPattern.DataAccessLayer\UnitOfWorkDesignPattern.DataAccessLayer.csproj", "{EBF5C067-B087-4F06-9B9E-C925D41554F1}"
EndProject
Project("{FAE04EC0-301F-11D3-BF4B-00C04F79EFBC}") = "UnitOfWorkDesignPattern.BusinessLayer", "UnitOfWorkDesignPattern.BusinessLayer\UnitOfWorkDesignPattern.BusinessLayer.csproj", "{3D5977F2-2098-4051-A76A-7903087E7B6E}"
EndProject
Global
	GlobalSection(SolutionConfigurationPlatforms) = preSolution
		Debug|Any CPU = Debug|Any CPU
		Release|Any CPU = Release|Any CPU
	EndGlobalSection
	GlobalSection(ProjectConfigurationPlatforms) = postSolution
		{938F81D1-7FC8-4659-8EC6-2338E9262EC8}.Debug|Any CPU.ActiveCfg = Debug|Any CPU
		{938F81D1-7FC8-4659-8EC6-2338E9262EC8}.Debug|Any CPU.Build.0 = Debug|Any CPU
		{938F81D1-7FC8-4659-8EC6-2338E9262EC8}.Release|Any CPU.ActiveCfg = Release|Any CPU
		{938F81D1-7FC8-4659-8EC6-2338E9262EC8}.Release|Any CPU.Build.0 = Release|Any CPU
		{77987669-2EBA-48BD-B06D-16C661FAFE1A}.Debug|Any CPU.ActiveCfg = Debug|Any CPU
		{77987669-2EBA-48BD-B06D-16C661FAFE1A}.Debug|Any CPU.Build.0 = Debug|Any CPU
		{77987669-2EBA-48BD-B06D-16C661FAFE1A}.Release|Any CPU.ActiveCfg = Release|Any CPU
		{77987669-2EBA-48BD-B06D-16C661FAFE1A}.Release|Any CPU.Build.0 = Release|Any CPU
		{B4896862-9A21-4C96-8760-E45344ACB259}.Debug|Any CPU.ActiveCfg = Debug|Any CPU
		{B4896862-9A21-4C96-8760-E45344ACB259}.Debug|Any CPU.Build.0 = Debug|Any CPU
		{B4896862-9A21-4C96-8760-E45344ACB259}.Release|Any CPU.ActiveCfg = Release|Any CPU
		{B4896862-9A21-4C96-8760-E45344ACB259}.Release|Any CPU.Build.0 = Release|Any CPU
		{5DEF8AB8-96DF-484E-AF8C-73FBA7207C86}.Debug|Any CPU.ActiveCfg = Debug|Any CPU
		{5DEF8AB8-96DF-484E-AF8C-73FBA7207C86}.Debug|Any CPU.Build.0 = Debug|Any CPU
		{5DEF8AB8-96DF-484E-AF8C-73FBA7207C86}.Release|Any CPU.ActiveCfg = Release|Any CPU
		{5DEF8AB8-96DF-484E-AF8C-73FBA7207C86}.Release|Any CPU.Build.0 = Release|Any CPU
		{54ECAC74-E7B8-4719-A559-CB5BD27E619D}.Debug|Any CPU.ActiveCfg = Debug|Any CPU
		{54ECAC74-E7B8-4719-A559-CB5BD27E619D}.Debug|Any CPU.Build.0 = Debug|Any CPU
		{54ECAC74-E7B8-4719-A559-CB5BD27E619D}.Release|Any CPU.ActiveCfg = Release|Any CPU
		{54ECAC74-E7B8-4719-A559-CB5BD27E619D}.Release|Any CPU.Build.0 = Release|Any CPU
		{14017EB4-5146-457C-8436-8642CB87F46E}.Debug|Any CPU.ActiveCfg = Debug|Any CPU
		{14017EB4-5146-457C-8436-8642CB87F46E}.Debug|Any CPU.Build.0 = Debug|Any CPU
		{14017EB4-5146-457C-8436-8642CB87F46E}.Release|Any CPU.ActiveCfg = Release|Any CPU
		{14017EB4-5146-457C-8436-8642CB87F46E}.Release|Any CPU.Build.0 = Release|Any CPU
		{EBF5C067-B087-4F06-9B9E-C925D41554F1}.Debug|Any CPU.ActiveCfg = Debug|Any CPU
		{EBF5C067-B087-4F06-9B9E-C925D41554F1}.Debug|Any CPU.Build.0 = Debug|Any CPU
		{EBF5C067-B087-4F06-9B9E-C925D41554F1}.Release|Any CPU.ActiveCfg = Release|Any CPU
		{EBF5C067-B087-4F06-9B9E-C925D41554F1}.Release|Any CPU.Build.0 = Release|Any CPU
		{3D5977F2-2098-4051-A76A-7903087E7B6E}.Debug|Any CPU.ActiveCfg = Debug|Any CPU
		{3D5977F2-2098-4051-A76A-7903087E7B6E}.Debug|Any CPU.Build.0 = Debug|Any CPU
		{3D5977F2-2098-4051-A76A-7903087E7B6E}.Release|Any CPU.ActiveCfg = Release|Any CPU
		{3D5977F2-2098-4051-A76A-7903087E7B6E}.Release|Any CPU.Build.0 = Release|Any CPU
	EndGlobalSection
	GlobalSection(SolutionProperties) = preSolution
		HideSolutionNode = FALSE
	EndGlobalSection
	GlobalSection(NestedProjects) = preSolution
		{938F81D1-7FC8-4659-8EC6-2338E9262EC8} = {52C643FF-11E2-496C-989E-588D5A51768D}
		{77987669-2EBA-48BD-B06D-16C661FAFE1A} = {980BDA5C-5D8A-4848-84A6-E5B91246DB31}
		{B4896862-9A21-4C96-8760-E45344ACB259} = {3AA7ACAF-C25A-4D56-8B73-3A0F94D3AED2}
		{5DEF8AB8-96DF-484E-AF8C-73FBA7207C86} = {5565152C-2E35-42C0-B3B2-8186D29C4F0C}
		{54ECAC74-E7B8-4719-A559-CB5BD27E619D} = {EFB26685-7C0A-4349-9342-0EA289821CA5}
		{14017EB4-5146-457C-8436-8642CB87F46E} = {EFB26685-7C0A-4349-9342-0EA289821CA5}
		{EBF5C067-B087-4F06-9B9E-C925D41554F1} = {EFB26685-7C0A-4349-9342-0EA289821CA5}
		{3D5977F2-2098-4051-A76A-7903087E7B6E} = {EFB26685-7C0A-4349-9342-0EA289821CA5}
	EndGlobalSection
	GlobalSection(ExtensibilityGlobals) = postSolution
		SolutionGuid = {DA72D6A4-9CEC-4982-A2A9-1F537CCAD2A3}
	EndGlobalSection
EndGlobal
